Microsoft Visual Studio Solution File, Format Version 12.00
# Visual Studio Version 17
VisualStudioVersion = 17.5.2.0
MinimumVisualStudioVersion = 10.0.40219.1
Project("{FAE04EC0-301F-11D3-BF4B-00C04F79EFBC}") = "libraryManagementSystem", "libraryManagementSystem\libraryManagementSystem.csproj", "{0B6D0B5A-1C24-3116-5E95-BA05C786EAA3}"
EndProject
Global
	GlobalSection(SolutionConfigurationPlatforms) = preSolution
		Debug|Any CPU = Debug|Any CPU
		Release|Any CPU = Release|Any CPU
	EndGlobalSection
	GlobalSection(ProjectConfigurationPlatforms) = postSolution
		{0B6D0B5A-1C24-3116-5E95-BA05C786EAA3}.Debug|Any CPU.ActiveCfg = Debug|Any CPU
		{0B6D0B5A-1C24-3116-5E95-BA05C786EAA3}.Debug|Any CPU.Build.0 = Debug|Any CPU
		{0B6D0B5A-1C24-3116-5E95-BA05C786EAA3}.Release|Any CPU.ActiveCfg = Release|Any CPU
		{0B6D0B5A-1C24-3116-5E95-BA05C786EAA3}.Release|Any CPU.Build.0 = Release|Any CPU
	EndGlobalSection
	GlobalSection(SolutionProperties) = preSolution
		HideSolutionNode = FALSE
	EndGlobalSection
	GlobalSection(ExtensibilityGlobals) = postSolution
		SolutionGuid = {649E8DDD-28FD-4DFA-9895-CA3C6A87E028}
	EndGlobalSection
EndGlobal
